
Microsoft Visual Studio Solution File, Format Version 12.00
# Visual Studio Version 17
VisualStudioVersion = 17.7.34031.279
MinimumVisualStudioVersion = 10.0.40219.1
Project("{9A19103F-16F7-4668-BE54-9A1E7A4F7556}") = "pmiditool", "pmiditool\pmiditool.csproj", "{407B0EDC-BCDD-4C30-90B8-650DC859799F}"
EndProject
Project("{2150E333-8FDC-42A3-9474-1A3956D46DE8}") = "Solution Items", "Solution Items", "{59CEBA9F-8912-49EB-8CD1-DAAAAA2D09A3}"
	ProjectSection(SolutionItems) = preProject
		.editorconfig = .editorconfig
	EndProjectSection
EndProject
Global
	GlobalSection(SolutionConfigurationPlatforms) = preSolution
		Debug|Any CPU = Debug|Any CPU
		Release|Any CPU = Release|Any CPU
	EndGlobalSection
	GlobalSection(ProjectConfigurationPlatforms) = postSolution
		{407B0EDC-BCDD-4C30-90B8-650DC859799F}.Debug|Any CPU.ActiveCfg = Debug|Any CPU
		{407B0EDC-BCDD-4C30-90B8-650DC859799F}.Debug|Any CPU.Build.0 = Debug|Any CPU
		{407B0EDC-BCDD-4C30-90B8-650DC859799F}.Release|Any CPU.ActiveCfg = Release|Any CPU
		{407B0EDC-BCDD-4C30-90B8-650DC859799F}.Release|Any CPU.Build.0 = Release|Any CPU
	EndGlobalSection
	GlobalSection(SolutionProperties) = preSolution
		HideSolutionNode = FALSE
	EndGlobalSection
	GlobalSection(ExtensibilityGlobals) = postSolution
		SolutionGuid = {DA120857-2259-4FF9-A4FC-E752DBBD4C42}
	EndGlobalSection
EndGlobal
